
Microsoft Visual Studio Solution File, Format Version 12.00
# Visual Studio 15
VisualStudioVersion = 15.0.28010.2003
MinimumVisualStudioVersion = 10.0.40219.1
Project("{FAE04EC0-301F-11D3-BF4B-00C04F79EFBC}") = "FinanceSpreetail", "FinanceSpreetail\FinanceSpreetail.csproj", "{CD48A404-B126-48A1-9DB4-08D521A4D123}"
EndProject
Global
	GlobalSection(SolutionConfigurationPlatforms) = preSolution
		Debug|Any CPU = Debug|Any CPU
		Release|Any CPU = Release|Any CPU
	EndGlobalSection
	GlobalSection(ProjectConfigurationPlatforms) = postSolution
		{CD48A404-B126-48A1-9DB4-08D521A4D123}.Debug|Any CPU.ActiveCfg = Debug|Any CPU
		{CD48A404-B126-48A1-9DB4-08D521A4D123}.Debug|Any CPU.Build.0 = Debug|Any CPU
		{CD48A404-B126-48A1-9DB4-08D521A4D123}.Release|Any CPU.ActiveCfg = Release|Any CPU
		{CD48A404-B126-48A1-9DB4-08D521A4D123}.Release|Any CPU.Build.0 = Release|Any CPU
	EndGlobalSection
	GlobalSection(SolutionProperties) = preSolution
		HideSolutionNode = FALSE
	EndGlobalSection
	GlobalSection(ExtensibilityGlobals) = postSolution
		SolutionGuid = {650D7C62-43CD-4D2C-97C4-63C3C8B212C7}
	EndGlobalSection
EndGlobal
